
Microsoft Visual Studio Solution File, Format Version 12.00
# Visual Studio Version 16
VisualStudioVersion = 16.0.30621.155
MinimumVisualStudioVersion = 10.0.40219.1
Project("{FAE04EC0-301F-11D3-BF4B-00C04F79EFBC}") = "StrategyPatternExercise", "StategyPatternExercise\StrategyPatternExercise.csproj", "{0F3A8392-EFDC-4E46-A60E-F9617342612C}"
EndProject
Global
	GlobalSection(SolutionConfigurationPlatforms) = preSolution
		Debug|Any CPU = Debug|Any CPU
		Release|Any CPU = Release|Any CPU
	EndGlobalSection
	GlobalSection(ProjectConfigurationPlatforms) = postSolution
		{0F3A8392-EFDC-4E46-A60E-F9617342612C}.Debug|Any CPU.ActiveCfg = Debug|Any CPU
		{0F3A8392-EFDC-4E46-A60E-F9617342612C}.Debug|Any CPU.Build.0 = Debug|Any CPU
		{0F3A8392-EFDC-4E46-A60E-F9617342612C}.Release|Any CPU.ActiveCfg = Release|Any CPU
		{0F3A8392-EFDC-4E46-A60E-F9617342612C}.Release|Any CPU.Build.0 = Release|Any CPU
	EndGlobalSection
	GlobalSection(SolutionProperties) = preSolution
		HideSolutionNode = FALSE
	EndGlobalSection
	GlobalSection(ExtensibilityGlobals) = postSolution
		SolutionGuid = {F0609DA7-3200-49DC-B533-DEA04C75CB2D}
	EndGlobalSection
EndGlobal
